{
  "name": "attendanceSystem",
  "lockfileVersion": 3,
  "requires": true,
  "packages": {
    "": {
      "dependencies": {
        "google-spreadsheet": "^5.3.0"
      }
    },
    "node_modules/es-toolkit": {
      "version": "1.47.0",
      "resolved": "https://registry.npmjs.org/es-toolkit/-/es-toolkit-1.47.0.tgz",
      "integrity": "sha512-n1GuoD0WEQZMBk5tttoZSqwgyLx01oqa5XsBmCHwPyNe1S9jPBEmtR2pSgp2kJuWE3ciFZ6yRHmY4pM4C3OOkw==",
      "license": "MIT",
      "workspaces": [
        "docs",
        "benchmarks"
      ]
    },
    "node_modules/google-spreadsheet": {
      "version": "5.3.0",
      "resolved": "https://registry.npmjs.org/google-spreadsheet/-/google-spreadsheet-5.3.0.tgz",
      "integrity": "sha512-hsMI2hc1aqDgZsfOEvJ+M4vwH6h8OuXKdxwKPPQq/OKs2dYnuaD8qx3GtiPyYcXRSN60j7EHbaHBPihOhzwY/A==",
      "license": "MIT",
      "dependencies": {
        "es-toolkit": "^1.47.0",
        "ky": "^2.0.2"
      },
      "peerDependencies": {
        "google-auth-library": ">=8.8.0"
      },
      "peerDependenciesMeta": {
        "google-auth-library": {
          "optional": true
        }
      }
    },
    "node_modules/ky": {
      "version": "2.0.2",
      "resolved": "https://registry.npmjs.org/ky/-/ky-2.0.2.tgz",
      "integrity": "sha512-/GmXpo9F9W+f8n4Ivr2iH+7h7wL7jLbLKWkMlpflcCRb6kGjBfTlASEXaZ9qUgNTn4VgS0P2pwxxzQ4EM6Ulgg==",
      "license": "MIT",
      "engines": {
        "node": ">=22"
      },
      "funding": {
        "url": "https://github.com/sindresorhus/ky?sponsor=1"
      }
    }
  }
}
